{
  "name": "pngjs-bundle",
  "version": "0.0.1",
  "lockfileVersion": 3,
  "requires": true,
  "packages": {
    "": {
      "name": "pngjs-bundle",
      "version": "0.0.1",
      "dependencies": {
        "browserify-zlib": "^0.2.0",
        "pngjs": "^6.0.0"
      }
    },
    "node_modules/browserify-zlib": {
      "version": "0.2.0",
      "resolved": "https://registry.npmjs.org/browserify-zlib/-/browserify-zlib-0.2.0.tgz",
      "integrity": "sha512-Z942RysHXmJrhqk88FmKBVq/v5tqmSkDz7p54G/MGyjMnCFFnC79XWNbg+Vta8W6Wb2qtSZTSxIGkJrRpCFEiA==",
      "license": "MIT",
      "dependencies": {
        "pako": "~1.0.5"
      }
    },
    "node_modules/pako": {
      "version": "1.0.11",
      "resolved": "https://registry.npmjs.org/pako/-/pako-1.0.11.tgz",
      "integrity": "sha512-4hLB8Py4zZce5s4yd9XzopqwVv/yGNhV1Bl8NTmCq1763HeK2+EwVTv+leGeL13Dnh2wfbqowVPXCIO0z4taYw==",
      "license": "(MIT AND Zlib)"
    },
    "node_modules/pngjs": {
      "version": "6.0.0",
      "resolved": "https://registry.npmjs.org/pngjs/-/pngjs-6.0.0.tgz",
      "integrity": "sha512-TRzzuFRRmEoSW/p1KVAmiOgPco2Irlah+bGFCeNfJXxxYGwSw7YwAOAcd7X28K/m5bjBWKsC29KyoMfHbypayg==",
      "license": "MIT",
      "engines": {
        "node": ">=12.13.0"
      }
    }
  }
}
